
Microsoft Visual Studio Solution File, Format Version 12.00
# Visual Studio Version 17
VisualStudioVersion = 17.4.33205.214
MinimumVisualStudioVersion = 10.0.40219.1
Project("{FAE04EC0-301F-11D3-BF4B-00C04F79EFBC}") = "AprendendoWindowsForms", "AprendendoWindowsForms\AprendendoWindowsForms.csproj", "{010CB263-076D-4085-B0C7-7E1755DC98FD}"
EndProject
Global
	GlobalSection(SolutionConfigurationPlatforms) = preSolution
		Debug|Any CPU = Debug|Any CPU
		Release|Any CPU = Release|Any CPU
	EndGlobalSection
	GlobalSection(ProjectConfigurationPlatforms) = postSolution
		{010CB263-076D-4085-B0C7-7E1755DC98FD}.Debug|Any CPU.ActiveCfg = Debug|Any CPU
		{010CB263-076D-4085-B0C7-7E1755DC98FD}.Debug|Any CPU.Build.0 = Debug|Any CPU
		{010CB263-076D-4085-B0C7-7E1755DC98FD}.Release|Any CPU.ActiveCfg = Release|Any CPU
		{010CB263-076D-4085-B0C7-7E1755DC98FD}.Release|Any CPU.Build.0 = Release|Any CPU
	EndGlobalSection
	GlobalSection(SolutionProperties) = preSolution
		HideSolutionNode = FALSE
	EndGlobalSection
	GlobalSection(ExtensibilityGlobals) = postSolution
		SolutionGuid = {01ED3F9F-30AF-42CF-AC64-75D4E6465BEE}
	EndGlobalSection
EndGlobal
